
Microsoft Visual Studio Solution File, Format Version 12.00
# Visual Studio Version 17
VisualStudioVersion = 17.2.32602.215
MinimumVisualStudioVersion = 10.0.40219.1
Project("{9A19103F-16F7-4668-BE54-9A1E7A4F7556}") = "WebApi", "webapi\WebApi.csproj", "{97739182-5C8F-4C7B-A0DF-6D8BE84DCC8F}"
EndProject
Project("{2150E333-8FDC-42A3-9474-1A3956D46DE8}") = "TestS", "TestS", "{877D289C-4DE7-46E7-8771-D9A5E3ED5BC5}"
EndProject
Project("{9A19103F-16F7-4668-BE54-9A1E7A4F7556}") = "WebApi.UnitTests", "TestS\WebApi.UnitTests\WebApi.UnitTests.csproj", "{13418289-3B30-4C56-BE42-55DCA2D5EF12}"
EndProject
Project("{2150E333-8FDC-42A3-9474-1A3956D46DE8}") = "Solution Items", "Solution Items", "{F9236440-BFD0-447F-B5DF-A4EC00586152}"
	ProjectSection(SolutionItems) = preProject
		.editorconfig = .editorconfig
	EndProjectSection
EndProject
Global
	GlobalSection(SolutionConfigurationPlatforms) = preSolution
		Debug|Any CPU = Debug|Any CPU
		Release|Any CPU = Release|Any CPU
	EndGlobalSection
	GlobalSection(ProjectConfigurationPlatforms) = postSolution
		{97739182-5C8F-4C7B-A0DF-6D8BE84DCC8F}.Debug|Any CPU.ActiveCfg = Debug|Any CPU
		{97739182-5C8F-4C7B-A0DF-6D8BE84DCC8F}.Debug|Any CPU.Build.0 = Debug|Any CPU
		{97739182-5C8F-4C7B-A0DF-6D8BE84DCC8F}.Release|Any CPU.ActiveCfg = Release|Any CPU
		{97739182-5C8F-4C7B-A0DF-6D8BE84DCC8F}.Release|Any CPU.Build.0 = Release|Any CPU
		{13418289-3B30-4C56-BE42-55DCA2D5EF12}.Debug|Any CPU.ActiveCfg = Debug|Any CPU
		{13418289-3B30-4C56-BE42-55DCA2D5EF12}.Debug|Any CPU.Build.0 = Debug|Any CPU
		{13418289-3B30-4C56-BE42-55DCA2D5EF12}.Release|Any CPU.ActiveCfg = Release|Any CPU
		{13418289-3B30-4C56-BE42-55DCA2D5EF12}.Release|Any CPU.Build.0 = Release|Any CPU
	EndGlobalSection
	GlobalSection(SolutionProperties) = preSolution
		HideSolutionNode = FALSE
	EndGlobalSection
	GlobalSection(NestedProjects) = preSolution
		{13418289-3B30-4C56-BE42-55DCA2D5EF12} = {877D289C-4DE7-46E7-8771-D9A5E3ED5BC5}
	EndGlobalSection
	GlobalSection(ExtensibilityGlobals) = postSolution
		SolutionGuid = {609E10EB-2168-4080-8A4F-DCB7100F41BF}
	EndGlobalSection
EndGlobal
